// !$*UTF8*$!
{
	archiveVersion = 1;
	classes = {
	};
	objectVersion = 100;
	objects = {

/* Begin PBXBuildFile section */
		24843F9B1E822F5500CF4199 /* Assets.xcassets in Resources */ = {isa = PBXBuildFile; fileRef = 24843F9A1E822F5500CF4199 /* Assets.xcassets */; };
/* End PBXBuildFile section */

/* Begin PBXFileReference section */
		24843F8E1E822F5500CF4199 /* MEME_Academic.app */ = {isa = PBXFileReference; explicitFileType = wrapper.application; includeInIndex = 0; path = MEME_Academic.app; sourceTree = BUILT_PRODUCTS_DIR; };
		24843F9A1E822F5500CF4199 /* Assets.xcassets */ = {isa = PBXFileReference; lastKnownFileType = folder.assetcatalog; path = Assets.xcassets; sourceTree = "<group>"; };
		24843F9F1E822F5500CF4199 /* Info.plist */ = {isa = PBXFileReference; lastKnownFileType = text.plist.xml; path = Info.plist; sourceTree = "<group>"; };
/* End PBXFileReference section */

/* Begin PBXFileSystemSynchronizedRootGroup section */
		CEC642222FD2B4AD0018F042 /* BLE */ = {
			isa = PBXFileSystemSynchronizedRootGroup;
			path = BLE;
			sourceTree = "<group>";
		};
		CEC642232FD2B4C40018F042 /* Models */ = {
			isa = PBXFileSystemSynchronizedRootGroup;
			path = Models;
			sourceTree = "<group>";
		};
		CEC642242FD2B4E10018F042 /* App */ = {
			isa = PBXFileSystemSynchronizedRootGroup;
			path = App;
			sourceTree = "<group>";
		};
		CEC642252FD2B5030018F042 /* Utility */ = {
			isa = PBXFileSystemSynchronizedRootGroup;
			path = Utility;
			sourceTree = "<group>";
		};
		CEC642262FD2B5100018F042 /* ViewModels */ = {
			isa = PBXFileSystemSynchronizedRootGroup;
			path = ViewModels;
			sourceTree = "<group>";
		};
/* End PBXFileSystemSynchronizedRootGroup section */

/* Begin PBXFrameworksBuildPhase section */
		24843F8B1E822F5500CF4199 /* Frameworks */ = {
			isa = PBXFrameworksBuildPhase;
			files = (
			);
		};
/* End PBXFrameworksBuildPhase section */

/* Begin PBXGroup section */
		2423E43E1E8513C4009EE89D /* Frameworks */ = {
			isa = PBXGroup;
			children = (
			);
			name = Frameworks;
			sourceTree = "<group>";
		};
		24843F851E822F5500CF4199 = {
			isa = PBXGroup;
			children = (
				24843F901E822F5500CF4199 /* MEME_Academic */,
				24843F8F1E822F5500CF4199 /* Products */,
				2423E43E1E8513C4009EE89D /* Frameworks */,
			);
			sourceTree = "<group>";
		};
		24843F8F1E822F5500CF4199 /* Products */ = {
			isa = PBXGroup;
			children = (
				24843F8E1E822F5500CF4199 /* MEME_Academic.app */,
			);
			name = Products;
			sourceTree = "<group>";
		};
		24843F901E822F5500CF4199 /* MEME_Academic */ = {
			isa = PBXGroup;
			children = (
				CEC642222FD2B4AD0018F042 /* BLE */,
				CEC642232FD2B4C40018F042 /* Models */,
				CEC642252FD2B5030018F042 /* Utility */,
				24843F9A1E822F5500CF4199 /* Assets.xcassets */,
				24843F9F1E822F5500CF4199 /* Info.plist */,
				CEC642242FD2B4E10018F042 /* App */,
				CEC642262FD2B5100018F042 /* ViewModels */,
			);
			path = MEME_Academic;
			sourceTree = "<group>";
		};
/* End PBXGroup section */

/* Begin PBXNativeTarget section */
		24843F8D1E822F5500CF4199 /* MEME_Academic */ = {
			isa = PBXNativeTarget;
			buildConfigurationList = 24843FA21E822F5500CF4199 /* Build configuration list for PBXNativeTarget "MEME_Academic" */;
			buildPhases = (
				24843F8A1E822F5500CF4199 /* Sources */,
				24843F8B1E822F5500CF4199 /* Frameworks */,
				24843F8C1E822F5500CF4199 /* Resources */,
			);
			buildRules = (
			);
			fileSystemSynchronizedGroups = (
				CEC642222FD2B4AD0018F042 /* BLE */,
				CEC642232FD2B4C40018F042 /* Models */,
				CEC642242FD2B4E10018F042 /* App */,
				CEC642252FD2B5030018F042 /* Utility */,
				CEC642262FD2B5100018F042 /* ViewModels */,
			);
			name = MEME_Academic;
			productName = MEME_Academic;
			productReference = 24843F8E1E822F5500CF4199 /* MEME_Academic.app */;
			productType = "com.apple.product-type.application";
		};
/* End PBXNativeTarget section */

/* Begin PBXProject section */
		24843F861E822F5500CF4199 /* Project object */ = {
			isa = PBXProject;
			attributes = {
				BuildIndependentTargetsInParallel = YES;
				LastUpgradeCheck = 2650;
				ORGANIZATIONNAME = "jins-jp";
				TargetAttributes = {
					24843F8D1E822F5500CF4199 = {
						CreatedOnToolsVersion = 8.2.1;
						DevelopmentTeam = WSMC73YLL2;
						LastSwiftMigration = 2650;
						ProvisioningStyle = Automatic;
					};
				};
			};
			buildConfigurationList = 24843F891E822F5500CF4199 /* Build configuration list for PBXProject "MEME_Academic" */;
			developmentRegion = en;
			hasScannedForEncodings = 0;
			knownRegions = (
				en,
				Base,
			);
			mainGroup = 24843F851E822F5500CF4199;
			preferredProjectObjectVersion = 100;
			productRefGroup = 24843F8F1E822F5500CF4199 /* Products */;
			projectDirPath = "";
			projectRoot = "";
			targets = (
				24843F8D1E822F5500CF4199 /* MEME_Academic */,
			);
		};
/* End PBXProject section */

/* Begin PBXResourcesBuildPhase section */
		24843F8C1E822F5500CF4199 /* Resources */ = {
			isa = PBXResourcesBuildPhase;
			files = (
				24843F9B1E822F5500CF4199 /* Assets.xcassets in Resources */,
			);
		};
/* End PBXResourcesBuildPhase section */

/* Begin PBXSourcesBuildPhase section */
		24843F8A1E822F5500CF4199 /* Sources */ = {
			isa = PBXSourcesBuildPhase;
			files = (
			);
		};
/* End PBXSourcesBuildPhase section */

/* Begin XCBuildConfiguration section */
		24843FA01E822F5500CF4199 /* Debug configuration for PBXProject "MEME_Academic" */ = {
			isa = XCBuildConfiguration;
			buildSettings = {
				ALWAYS_SEARCH_USER_PATHS = NO;
				CLANG_ANALYZER_NONNULL = YES;
				CLANG_CXX_LANGUAGE_STANDARD = "gnu++0x";
				CLANG_CXX_LIBRARY = "libc++";
				CLANG_ENABLE_MODULES = YES;
				CLANG_ENABLE_OBJC_ARC = YES;
				CLANG_WARN_BLOCK_CAPTURE_AUTORELEASING = YES;
				CLANG_WARN_BOOL_CONVERSION = YES;
				CLANG_WARN_COMMA = YES;
				CLANG_WARN_CONSTANT_CONVERSION = YES;
				CLANG_WARN_DEPRECATED_OBJC_IMPLEMENTATIONS = YES;
				CLANG_WARN_DIRECT_OBJC_ISA_USAGE = YES_ERROR;
				CLANG_WARN_DOCUMENTATION_COMMENTS = YES;
				CLANG_WARN_EMPTY_BODY = YES;
				CLANG_WARN_ENUM_CONVERSION = YES;
				CLANG_WARN_INFINITE_RECURSION = YES;
				CLANG_WARN_INT_CONVERSION = YES;
				CLANG_WARN_NON_LITERAL_NULL_CONVERSION = YES;
				CLANG_WARN_OBJC_IMPLICIT_RETAIN_SELF = YES;
				CLANG_WARN_OBJC_LITERAL_CONVERSION = YES;
				CLANG_WARN_OBJC_ROOT_CLASS = YES_ERROR;
				CLANG_WARN_QUOTED_INCLUDE_IN_FRAMEWORK_HEADER = YES;
				CLANG_WARN_RANGE_LOOP_ANALYSIS = YES;
				CLANG_WARN_STRICT_PROTOTYPES = YES;
				CLANG_WARN_SUSPICIOUS_MOVE = YES;
				CLANG_WARN_UNREACHABLE_CODE = YES;
				CLANG_WARN__DUPLICATE_METHOD_MATCH = YES;
				CODE_SIGN_IDENTITY = "-";
				COPY_PHASE_STRIP = NO;
				DEAD_CODE_STRIPPING = YES;
				DEBUG_INFORMATION_FORMAT = dwarf;
				DEVELOPMENT_TEAM = WSMC73YLL2;
				ENABLE_STRICT_OBJC_MSGSEND = YES;
				ENABLE_TESTABILITY = YES;
				ENABLE_USER_SCRIPT_SANDBOXING = YES;
				GCC_C_LANGUAGE_STANDARD = gnu99;
				GCC_DYNAMIC_NO_PIC = NO;
				GCC_NO_COMMON_BLOCKS = YES;
				GCC_OPTIMIZATION_LEVEL = 0;
				GCC_PREPROCESSOR_DEFINITIONS = (
					"DEBUG=1",
					"$(inherited)",
				);
				GCC_WARN_64_TO_32_BIT_CONVERSION = YES;
				GCC_WARN_ABOUT_RETURN_TYPE = YES_ERROR;
				GCC_WARN_UNDECLARED_SELECTOR = YES;
				GCC_WARN_UNINITIALIZED_AUTOS = YES_AGGRESSIVE;
				GCC_WARN_UNUSED_FUNCTION = YES;
				GCC_WARN_UNUSED_VARIABLE = YES;
				MACOSX_DEPLOYMENT_TARGET = 10.11;
				MTL_ENABLE_DEBUG_INFO = YES;
				ONLY_ACTIVE_ARCH = YES;
				SDKROOT = macosx;
				STRING_CATALOG_GENERATE_SYMBOLS = YES;
				"SWIFT_ACTIVE_COMPILATION_CONDITIONS[arch=*]" = DEBUG;
				SWIFT_VERSION = 6.0;
			};
			name = Debug;
		};
		24843FA11E822F5500CF4199 /* Release configuration for PBXProject "MEME_Academic" */ = {
			isa = XCBuildConfiguration;
			buildSettings = {
				ALWAYS_SEARCH_USER_PATHS = NO;
				CLANG_ANALYZER_NONNULL = YES;
				CLANG_CXX_LANGUAGE_STANDARD = "gnu++0x";
				CLANG_CXX_LIBRARY = "libc++";
				CLANG_ENABLE_MODULES = YES;
				CLANG_ENABLE_OBJC_ARC = YES;
				CLANG_WARN_BLOCK_CAPTURE_AUTORELEASING = YES;
				CLANG_WARN_BOOL_CONVERSION = YES;
				CLANG_WARN_COMMA = YES;
				CLANG_WARN_CONSTANT_CONVERSION = YES;
				CLANG_WARN_DEPRECATED_OBJC_IMPLEMENTATIONS = YES;
				CLANG_WARN_DIRECT_OBJC_ISA_USAGE = YES_ERROR;
				CLANG_WARN_DOCUMENTATION_COMMENTS = YES;
				CLANG_WARN_EMPTY_BODY = YES;
				CLANG_WARN_ENUM_CONVERSION = YES;
				CLANG_WARN_INFINITE_RECURSION = YES;
				CLANG_WARN_INT_CONVERSION = YES;
				CLANG_WARN_NON_LITERAL_NULL_CONVERSION = YES;
				CLANG_WARN_OBJC_IMPLICIT_RETAIN_SELF = YES;
				CLANG_WARN_OBJC_LITERAL_CONVERSION = YES;
				CLANG_WARN_OBJC_ROOT_CLASS = YES_ERROR;
				CLANG_WARN_QUOTED_INCLUDE_IN_FRAMEWORK_HEADER = YES;
				CLANG_WARN_RANGE_LOOP_ANALYSIS = YES;
				CLANG_WARN_STRICT_PROTOTYPES = YES;
				CLANG_WARN_SUSPICIOUS_MOVE = YES;
				CLANG_WARN_UNREACHABLE_CODE = YES;
				CLANG_WARN__DUPLICATE_METHOD_MATCH = YES;
				CODE_SIGN_IDENTITY = "-";
				COPY_PHASE_STRIP = NO;
				DEAD_CODE_STRIPPING = YES;
				DEBUG_INFORMATION_FORMAT = "dwarf-with-dsym";
				DEVELOPMENT_TEAM = WSMC73YLL2;
				ENABLE_NS_ASSERTIONS = NO;
				ENABLE_STRICT_OBJC_MSGSEND = YES;
				ENABLE_USER_SCRIPT_SANDBOXING = YES;
				GCC_C_LANGUAGE_STANDARD = gnu99;
				GCC_NO_COMMON_BLOCKS = YES;
				GCC_WARN_64_TO_32_BIT_CONVERSION = YES;
				GCC_WARN_ABOUT_RETURN_TYPE = YES_ERROR;
				GCC_WARN_UNDECLARED_SELECTOR = YES;
				GCC_WARN_UNINITIALIZED_AUTOS = YES_AGGRESSIVE;
				GCC_WARN_UNUSED_FUNCTION = YES;
				GCC_WARN_UNUSED_VARIABLE = YES;
				MACOSX_DEPLOYMENT_TARGET = 10.11;
				MTL_ENABLE_DEBUG_INFO = NO;
				SDKROOT = macosx;
				STRING_CATALOG_GENERATE_SYMBOLS = YES;
				SWIFT_VERSION = 6.0;
			};
			name = Release;
		};
		24843FA31E822F5500CF4199 /* Debug configuration for PBXNativeTarget "MEME_Academic" */ = {
			isa = XCBuildConfiguration;
			buildSettings = {
				ASSETCATALOG_COMPILER_APPICON_NAME = AppIcon;
				CLANG_ENABLE_MODULES = YES;
				COMBINE_HIDPI_IMAGES = YES;
				DEAD_CODE_STRIPPING = YES;
				INFOPLIST_FILE = MEME_Academic/Info.plist;
				LD_RUNPATH_SEARCH_PATHS = (
					"$(inherited)",
					"@executable_path/../Frameworks",
				);
				LIBRARY_SEARCH_PATHS = (
					"$(inherited)",
					"$(PROJECT_DIR)/MEME_Academic",
				);
				MACOSX_DEPLOYMENT_TARGET = 14.6;
				MARKETING_VERSION = 1.1;
				PRODUCT_BUNDLE_IDENTIFIER = "com.jins-jp.MEME-Academic";
				PRODUCT_NAME = "$(TARGET_NAME)";
				SWIFT_OPTIMIZATION_LEVEL = "-Onone";
				SWIFT_VERSION = 6.0;
			};
			name = Debug;
		};
		24843FA41E822F5500CF4199 /* Release configuration for PBXNativeTarget "MEME_Academic" */ = {
			isa = XCBuildConfiguration;
			buildSettings = {
				ASSETCATALOG_COMPILER_APPICON_NAME = AppIcon;
				CLANG_ENABLE_MODULES = YES;
				COMBINE_HIDPI_IMAGES = YES;
				DEAD_CODE_STRIPPING = YES;
				INFOPLIST_FILE = MEME_Academic/Info.plist;
				LD_RUNPATH_SEARCH_PATHS = (
					"$(inherited)",
					"@executable_path/../Frameworks",
				);
				LIBRARY_SEARCH_PATHS = (
					"$(inherited)",
					"$(PROJECT_DIR)/MEME_Academic",
				);
				MACOSX_DEPLOYMENT_TARGET = 14.6;
				MARKETING_VERSION = 1.1;
				PRODUCT_BUNDLE_IDENTIFIER = "com.jins-jp.MEME-Academic";
				PRODUCT_NAME = "$(TARGET_NAME)";
				SWIFT_VERSION = 6.0;
			};
			name = Release;
		};
/* End XCBuildConfiguration section */

/* Begin XCConfigurationList section */
		24843F891E822F5500CF4199 /* Build configuration list for PBXProject "MEME_Academic" */ = {
			isa = XCConfigurationList;
			buildConfigurations = (
				24843FA01E822F5500CF4199 /* Debug configuration for PBXProject "MEME_Academic" */,
				24843FA11E822F5500CF4199 /* Release configuration for PBXProject "MEME_Academic" */,
			);
			defaultConfigurationName = Release;
		};
		24843FA21E822F5500CF4199 /* Build configuration list for PBXNativeTarget "MEME_Academic" */ = {
			isa = XCConfigurationList;
			buildConfigurations = (
				24843FA31E822F5500CF4199 /* Debug configuration for PBXNativeTarget "MEME_Academic" */,
				24843FA41E822F5500CF4199 /* Release configuration for PBXNativeTarget "MEME_Academic" */,
			);
			defaultConfigurationName = Release;
		};
/* End XCConfigurationList section */
	};
	rootObject = 24843F861E822F5500CF4199 /* Project object */;
}
