// !$*UTF8*$!
{
	archiveVersion = 1;
	classes = {
	};
	objectVersion = 70;
	objects = {

/* Begin PBXBuildFile section */
		CEC642032FD2B22D0018F042 /* Assets.xcassets in Resources */ = {isa = PBXBuildFile; fileRef = CEC641FF2FD2B22D0018F042 /* Assets.xcassets */; };
		CEC642042FD2B22D0018F042 /* Colors.xcassets in Resources */ = {isa = PBXBuildFile; fileRef = CEC642002FD2B22D0018F042 /* Colors.xcassets */; };
/* End PBXBuildFile section */

/* Begin PBXFileReference section */
		24843F8E1E822F5500CF4199 /* MEME_Academic.app */ = {isa = PBXFileReference; explicitFileType = wrapper.application; includeInIndex = 0; path = MEME_Academic.app; sourceTree = BUILT_PRODUCTS_DIR; };
		CEC641FF2FD2B22D0018F042 /* Assets.xcassets */ = {isa = PBXFileReference; lastKnownFileType = folder.assetcatalog; path = Assets.xcassets; sourceTree = "<group>"; };
		CEC642002FD2B22D0018F042 /* Colors.xcassets */ = {isa = PBXFileReference; lastKnownFileType = folder.assetcatalog; path = Colors.xcassets; sourceTree = "<group>"; };
		CEC642012FD2B22D0018F042 /* Info.plist */ = {isa = PBXFileReference; lastKnownFileType = text.plist.xml; path = Info.plist; sourceTree = "<group>"; };
		CEC642022FD2B22D0018F042 /* MEME_Academic.entitlements */ = {isa = PBXFileReference; lastKnownFileType = text.plist.entitlements; path = MEME_Academic.entitlements; sourceTree = "<group>"; };
/* End PBXFileReference section */

/* Begin PBXFileSystemSynchronizedRootGroup section */
		CEB1C8A42FD2AF53001E2262 /* BLE */ = {isa = PBXFileSystemSynchronizedRootGroup; explicitFileTypes = {}; explicitFolders = (); path = BLE; sourceTree = "<group>"; };
		CEB1C8A52FD2AFCD001E2262 /* Utility */ = {isa = PBXFileSystemSynchronizedRootGroup; explicitFileTypes = {}; explicitFolders = (); path = Utility; sourceTree = "<group>"; };
		CEB1C8A62FD2AFE6001E2262 /* Models */ = {isa = PBXFileSystemSynchronizedRootGroup; explicitFileTypes = {}; explicitFolders = (); path = Models; sourceTree = "<group>"; };
		CEB1C8A72FD2AFF6001E2262 /* ViewModels */ = {isa = PBXFileSystemSynchronizedRootGroup; explicitFileTypes = {}; explicitFolders = (); path = ViewModels; sourceTree = "<group>"; };
		CEB1C8AA2FD2B043001E2262 /* Services */ = {isa = PBXFileSystemSynchronizedRootGroup; explicitFileTypes = {}; explicitFolders = (); path = Services; sourceTree = "<group>"; };
		CEB1C8AB2FD2B069001E2262 /* Views */ = {isa = PBXFileSystemSynchronizedRootGroup; explicitFileTypes = {}; explicitFolders = (); path = Views; sourceTree = "<group>"; };
		CEB1C8AC2FD2B088001E2262 /* App */ = {isa = PBXFileSystemSynchronizedRootGroup; explicitFileTypes = {}; explicitFolders = (); path = App; sourceTree = "<group>"; };
/* End PBXFileSystemSynchronizedRootGroup section */

/* Begin PBXFrameworksBuildPhase section */
		24843F8B1E822F5500CF4199 /* Frameworks */ = {
			isa = PBXFrameworksBuildPhase;
			buildActionMask = 2147483647;
			files = (
			);
			runOnlyForDeploymentPostprocessing = 0;
		};
/* End PBXFrameworksBuildPhase section */

/* Begin PBXGroup section */
		2423E43E1E8513C4009EE89D /* Frameworks */ = {
			isa = PBXGroup;
			children = (
			);
			name = Frameworks;
			sourceTree = "<group>";
		};
		24843F851E822F5500CF4199 = {
			isa = PBXGroup;
			children = (
				24843F901E822F5500CF4199 /* MEME_Academic */,
				24843F8F1E822F5500CF4199 /* Products */,
				2423E43E1E8513C4009EE89D /* Frameworks */,
			);
			sourceTree = "<group>";
		};
		24843F8F1E822F5500CF4199 /* Products */ = {
			isa = PBXGroup;
			children = (
				24843F8E1E822F5500CF4199 /* MEME_Academic.app */,
			);
			name = Products;
			sourceTree = "<group>";
		};
		24843F901E822F5500CF4199 /* MEME_Academic */ = {
			isa = PBXGroup;
			children = (
				CEB1C8A42FD2AF53001E2262 /* BLE */,
				CEB1C8AA2FD2B043001E2262 /* Services */,
				CEB1C8A52FD2AFCD001E2262 /* Utility */,
				CEB1C8A62FD2AFE6001E2262 /* Models */,
				CEB1C8AC2FD2B088001E2262 /* App */,
				CEB1C8A72FD2AFF6001E2262 /* ViewModels */,
				CEB1C8AB2FD2B069001E2262 /* Views */,
				CEC641FF2FD2B22D0018F042 /* Assets.xcassets */,
				CEC642002FD2B22D0018F042 /* Colors.xcassets */,
				CEC642012FD2B22D0018F042 /* Info.plist */,
				CEC642022FD2B22D0018F042 /* MEME_Academic.entitlements */,
			);
			path = MEME_Academic;
			sourceTree = "<group>";
		};
/* End PBXGroup section */

/* Begin PBXNativeTarget section */
		24843F8D1E822F5500CF4199 /* MEME_Academic */ = {
			isa = PBXNativeTarget;
			buildConfigurationList = 24843FA21E822F5500CF4199 /* Build configuration list for PBXNativeTarget "MEME_Academic" */;
			buildPhases = (
				24843F8A1E822F5500CF4199 /* Sources */,
				24843F8B1E822F5500CF4199 /* Frameworks */,
				24843F8C1E822F5500CF4199 /* Resources */,
			);
			buildRules = (
			);
			dependencies = (
			);
			fileSystemSynchronizedGroups = (
				CEB1C8A42FD2AF53001E2262 /* BLE */,
				CEB1C8A52FD2AFCD001E2262 /* Utility */,
				CEB1C8A62FD2AFE6001E2262 /* Models */,
				CEB1C8A72FD2AFF6001E2262 /* ViewModels */,
				CEB1C8AA2FD2B043001E2262 /* Services */,
				CEB1C8AB2FD2B069001E2262 /* Views */,
				CEB1C8AC2FD2B088001E2262 /* App */,
			);
			name = MEME_Academic;
			productName = MEME_Academic;
			productReference = 24843F8E1E822F5500CF4199 /* MEME_Academic.app */;
			productType = "com.apple.product-type.application";
		};
/* End PBXNativeTarget section */

/* Begin PBXProject section */
		24843F861E822F5500CF4199 /* Project object */ = {
			isa = PBXProject;
			attributes = {
				LastUpgradeCheck = 0820;
				ORGANIZATIONNAME = "jins-jp";
				TargetAttributes = {
					24843F8D1E822F5500CF4199 = {
						CreatedOnToolsVersion = 8.2.1;
						DevelopmentTeam = M2F9RAQ2X3;
						ProvisioningStyle = Automatic;
					};
				};
			};
			buildConfigurationList = 24843F891E822F5500CF4199 /* Build configuration list for PBXProject "MEME_Academic" */;
			compatibilityVersion = "Xcode 3.2";
			developmentRegion = English;
			hasScannedForEncodings = 0;
			knownRegions = (
				English,
				en,
				Base,
			);
			mainGroup = 24843F851E822F5500CF4199;
			productRefGroup = 24843F8F1E822F5500CF4199 /* Products */;
			projectDirPath = "";
			projectRoot = "";
			targets = (
				24843F8D1E822F5500CF4199 /* MEME_Academic */,
			);
		};
/* End PBXProject section */

/* Begin PBXResourcesBuildPhase section */
		24843F8C1E822F5500CF4199 /* Resources */ = {
			isa = PBXResourcesBuildPhase;
			buildActionMask = 2147483647;
			files = (
				CEC642032FD2B22D0018F042 /* Assets.xcassets in Resources */,
				CEC642042FD2B22D0018F042 /* Colors.xcassets in Resources */,
			);
			runOnlyForDeploymentPostprocessing = 0;
		};
/* End PBXResourcesBuildPhase section */

/* Begin PBXSourcesBuildPhase section */
		24843F8A1E822F5500CF4199 /* Sources */ = {
			isa = PBXSourcesBuildPhase;
			buildActionMask = 2147483647;
			files = (
			);
			runOnlyForDeploymentPostprocessing = 0;
		};
/* End PBXSourcesBuildPhase section */

/* Begin XCBuildConfiguration section */
		24843FA01E822F5500CF4199 /* Debug */ = {
			isa = XCBuildConfiguration;
			buildSettings = {
				ALWAYS_SEARCH_USER_PATHS = NO;
				ASSETCATALOG_COMPILER_APPICON_NAME = AppIcon;
				ASSETCATALOG_COMPILER_INCLUDE_ALL_APPICON_ASSETS = NO;
				CLANG_ANALYZER_NONNULL = YES;
				CLANG_CXX_LANGUAGE_STANDARD = "gnu++0x";
				CLANG_CXX_LIBRARY = "libc++";
				CLANG_ENABLE_MODULES = YES;
				CLANG_ENABLE_OBJC_ARC = YES;
				CLANG_WARN_BOOL_CONVERSION = YES;
				CLANG_WARN_CONSTANT_CONVERSION = YES;
				CLANG_WARN_DIRECT_OBJC_ISA_USAGE = YES_ERROR;
				CLANG_WARN_DOCUMENTATION_COMMENTS = YES;
				CLANG_WARN_EMPTY_BODY = YES;
				CLANG_WARN_ENUM_CONVERSION = YES;
				CLANG_WARN_INFINITE_RECURSION = YES;
				CLANG_WARN_INT_CONVERSION = YES;
				CLANG_WARN_OBJC_ROOT_CLASS = YES_ERROR;
				CLANG_WARN_SUSPICIOUS_MOVE = YES;
				CLANG_WARN_UNREACHABLE_CODE = YES;
				CLANG_WARN__DUPLICATE_METHOD_MATCH = YES;
				CODE_SIGN_ENTITLEMENTS = "";
				CODE_SIGN_IDENTITY = "-";
				COPY_PHASE_STRIP = NO;
				DEBUG_INFORMATION_FORMAT = dwarf;
				ENABLE_STRICT_OBJC_MSGSEND = YES;
				ENABLE_TESTABILITY = YES;
				GCC_C_LANGUAGE_STANDARD = gnu99;
				GCC_DYNAMIC_NO_PIC = NO;
				GCC_NO_COMMON_BLOCKS = YES;
				GCC_OPTIMIZATION_LEVEL = 0;
				GCC_PREPROCESSOR_DEFINITIONS = (
					"DEBUG=1",
					"$(inherited)",
				);
				GCC_WARN_64_TO_32_BIT_CONVERSION = YES;
				GCC_WARN_ABOUT_RETURN_TYPE = YES_ERROR;
				GCC_WARN_UNDECLARED_SELECTOR = YES;
				GCC_WARN_UNINITIALIZED_AUTOS = YES_AGGRESSIVE;
				GCC_WARN_UNUSED_FUNCTION = YES;
				GCC_WARN_UNUSED_VARIABLE = YES;
				MACOSX_DEPLOYMENT_TARGET = 13.5;
				MTL_ENABLE_DEBUG_INFO = YES;
				ONLY_ACTIVE_ARCH = YES;
				SDKROOT = macosx;
				"SWIFT_ACTIVE_COMPILATION_CONDITIONS[arch=*]" = DEBUG;
				SWIFT_VERSION = 6.0;
			};
			name = Debug;
		};
		24843FA11E822F5500CF4199 /* Release */ = {
			isa = XCBuildConfiguration;
			buildSettings = {
				ALWAYS_SEARCH_USER_PATHS = NO;
				ASSETCATALOG_COMPILER_APPICON_NAME = AppIcon;
				ASSETCATALOG_COMPILER_INCLUDE_ALL_APPICON_ASSETS = NO;
				CLANG_ANALYZER_NONNULL = YES;
				CLANG_CXX_LANGUAGE_STANDARD = "gnu++0x";
				CLANG_CXX_LIBRARY = "libc++";
				CLANG_ENABLE_MODULES = YES;
				CLANG_ENABLE_OBJC_ARC = YES;
				CLANG_WARN_BOOL_CONVERSION = YES;
				CLANG_WARN_CONSTANT_CONVERSION = YES;
				CLANG_WARN_DIRECT_OBJC_ISA_USAGE = YES_ERROR;
				CLANG_WARN_DOCUMENTATION_COMMENTS = YES;
				CLANG_WARN_EMPTY_BODY = YES;
				CLANG_WARN_ENUM_CONVERSION = YES;
				CLANG_WARN_INFINITE_RECURSION = YES;
				CLANG_WARN_INT_CONVERSION = YES;
				CLANG_WARN_OBJC_ROOT_CLASS = YES_ERROR;
				CLANG_WARN_SUSPICIOUS_MOVE = YES;
				CLANG_WARN_UNREACHABLE_CODE = YES;
				CLANG_WARN__DUPLICATE_METHOD_MATCH = YES;
				CODE_SIGN_ENTITLEMENTS = "";
				CODE_SIGN_IDENTITY = "-";
				COPY_PHASE_STRIP = NO;
				DEBUG_INFORMATION_FORMAT = "dwarf-with-dsym";
				ENABLE_NS_ASSERTIONS = NO;
				ENABLE_STRICT_OBJC_MSGSEND = YES;
				GCC_C_LANGUAGE_STANDARD = gnu99;
				GCC_NO_COMMON_BLOCKS = YES;
				GCC_WARN_64_TO_32_BIT_CONVERSION = YES;
				GCC_WARN_ABOUT_RETURN_TYPE = YES_ERROR;
				GCC_WARN_UNDECLARED_SELECTOR = YES;
				GCC_WARN_UNINITIALIZED_AUTOS = YES_AGGRESSIVE;
				GCC_WARN_UNUSED_FUNCTION = YES;
				GCC_WARN_UNUSED_VARIABLE = YES;
				MACOSX_DEPLOYMENT_TARGET = 13.5;
				MTL_ENABLE_DEBUG_INFO = NO;
				SDKROOT = macosx;
				SWIFT_VERSION = 6.0;
			};
			name = Release;
		};
		24843FA31E822F5500CF4199 /* Debug */ = {
			isa = XCBuildConfiguration;
			buildSettings = {
				ASSETCATALOG_COMPILER_APPICON_NAME = AppIcon;
				ASSETCATALOG_COMPILER_INCLUDE_ALL_APPICON_ASSETS = NO;
				CODE_SIGN_ENTITLEMENTS = MEME_Academic/MEME_Academic.entitlements;
				CODE_SIGN_IDENTITY = "Apple Development";
				"CODE_SIGN_IDENTITY[sdk=macosx*]" = "-";
				CODE_SIGN_STYLE = Automatic;
				COMBINE_HIDPI_IMAGES = YES;
				CURRENT_PROJECT_VERSION = 28;
				DEVELOPMENT_TEAM = M2F9RAQ2X3;
				ENABLE_HARDENED_RUNTIME = NO;
				INFOPLIST_FILE = MEME_Academic/Info.plist;
				LD_RUNPATH_SEARCH_PATHS = (
					"$(inherited)",
					"@executable_path/../Frameworks",
				);
				LIBRARY_SEARCH_PATHS = (
					"$(inherited)",
					"$(PROJECT_DIR)/MEME_Academic",
				);
				MACOSX_DEPLOYMENT_TARGET = 14.6;
				MARKETING_VERSION = 1.3.1;
				PRODUCT_BUNDLE_IDENTIFIER = "com.jins-jp.MEME-Academic";
				PRODUCT_NAME = "$(TARGET_NAME)";
				PROVISIONING_PROFILE_SPECIFIER = "";
			};
			name = Debug;
		};
		24843FA41E822F5500CF4199 /* Release */ = {
			isa = XCBuildConfiguration;
			buildSettings = {
				ASSETCATALOG_COMPILER_APPICON_NAME = AppIcon;
				ASSETCATALOG_COMPILER_INCLUDE_ALL_APPICON_ASSETS = NO;
				CODE_SIGN_ENTITLEMENTS = MEME_Academic/MEME_Academic.entitlements;
				"CODE_SIGN_IDENTITY[sdk=macosx*]" = "Developer ID Application";
				CODE_SIGN_STYLE = Manual;
				COMBINE_HIDPI_IMAGES = YES;
				CURRENT_PROJECT_VERSION = 28;
				DEVELOPMENT_TEAM = "";
				"DEVELOPMENT_TEAM[sdk=macosx*]" = M2F9RAQ2X3;
				ENABLE_HARDENED_RUNTIME = NO;
				INFOPLIST_FILE = MEME_Academic/Info.plist;
				LD_RUNPATH_SEARCH_PATHS = (
					"$(inherited)",
					"@executable_path/../Frameworks",
				);
				LIBRARY_SEARCH_PATHS = (
					"$(inherited)",
					"$(PROJECT_DIR)/MEME_Academic",
				);
				MACOSX_DEPLOYMENT_TARGET = 14.6;
				MARKETING_VERSION = 1.3.1;
				PRODUCT_BUNDLE_IDENTIFIER = "com.jins-jp.MEME-Academic";
				PRODUCT_NAME = "$(TARGET_NAME)";
				PROVISIONING_PROFILE_SPECIFIER = "";
				"PROVISIONING_PROFILE_SPECIFIER[sdk=macosx*]" = "220930_com_jins-jp_MEME-Academic_adhoc3";
			};
			name = Release;
		};
/* End XCBuildConfiguration section */

/* Begin XCConfigurationList section */
		24843F891E822F5500CF4199 /* Build configuration list for PBXProject "MEME_Academic" */ = {
			isa = XCConfigurationList;
			buildConfigurations = (
				24843FA01E822F5500CF4199 /* Debug */,
				24843FA11E822F5500CF4199 /* Release */,
			);
			defaultConfigurationIsVisible = 0;
			defaultConfigurationName = Release;
		};
		24843FA21E822F5500CF4199 /* Build configuration list for PBXNativeTarget "MEME_Academic" */ = {
			isa = XCConfigurationList;
			buildConfigurations = (
				24843FA31E822F5500CF4199 /* Debug */,
				24843FA41E822F5500CF4199 /* Release */,
			);
			defaultConfigurationIsVisible = 0;
			defaultConfigurationName = Release;
		};
/* End XCConfigurationList section */
	};
	rootObject = 24843F861E822F5500CF4199 /* Project object */;
}
